{
  "projects": [
    {
      "projectId": "sbQ784b4v9HnQXnL8f6uoX",
      "version": "latest",
      "dependencies": {},
      "lang": "js",
      "fileLocks": [
        {
          "type": "globalVariant",
          "assetId": "bJAq6mTDd224",
          "checksum": "182e824164d3cab443c14d4b2aaff8dd"
        },
        {
          "type": "renderModule",
          "assetId": "220fsdQc8NE5",
          "checksum": "33a94c94b73a77d4a06569855d79b819"
        },
        {
          "type": "cssRules",
          "assetId": "220fsdQc8NE5",
          "checksum": "33a94c94b73a77d4a06569855d79b819"
        },
        {
          "type": "renderModule",
          "assetId": "56QpFLxenneH",
          "checksum": "77256000e802d3516c713dfb9b8e7161"
        },
        {
          "type": "cssRules",
          "assetId": "56QpFLxenneH",
          "checksum": "77256000e802d3516c713dfb9b8e7161"
        },
        {
          "type": "icon",
          "assetId": "F9lBIC1RTx49",
          "checksum": "eb242a7dc75e656108604a7958a74e44"
        },
        {
          "type": "icon",
          "assetId": "V7NnfYyKc8Z1",
          "checksum": "c26fc632043358f7f9fbb6820222c2e2"
        },
        {
          "type": "icon",
          "assetId": "c-s2gROZia45",
          "checksum": "c1bad606ddabd581595cac039481e334"
        },
        {
          "type": "icon",
          "assetId": "YzzoM-3-rxLN",
          "checksum": "5b03509b678702e34b6e8bdba662d609"
        },
        {
          "type": "icon",
          "assetId": "JDBzf0qxS84E",
          "checksum": "3d38a90687a5c5c736fb024cfb7875ec"
        },
        {
          "type": "image",
          "assetId": "CIM9N6lGFng7",
          "checksum": "ab7ab95b5b43d1c15d4d5afea15d09af"
        },
        {
          "type": "image",
          "assetId": "HjAj-pit10pP",
          "checksum": "4743a3f70e0013e5b278087227de6d9e"
        },
        {
          "type": "image",
          "assetId": "UkfUvIDDRmZH",
          "checksum": "81c0d164d178a5a892659da31ad77313"
        },
        {
          "type": "image",
          "assetId": "-NKSqEHW9nPg",
          "checksum": "3178d8eaaff93c1f9b69e355497f2807"
        },
        {
          "type": "image",
          "assetId": "OQnOH22UiwAu",
          "checksum": "3a89f6824f2f83e4ca172f849f37015f"
        },
        {
          "type": "image",
          "assetId": "FFUeP4d9mvuj",
          "checksum": "ac037d3e2161e5c251fe505a125d1a5d"
        },
        {
          "type": "image",
          "assetId": "MAaiGpeBmIaq",
          "checksum": "4f667783ef6af9bc2b00af24d6e7fd74"
        },
        {
          "type": "image",
          "assetId": "x0Xefaemiz_C",
          "checksum": "731f28dd64dbe6e2a00b57007df1dbc0"
        },
        {
          "type": "image",
          "assetId": "M0NknMiaMsfZ",
          "checksum": "f3a26b8887433e5a20e073f3898b8ae7"
        },
        {
          "type": "image",
          "assetId": "gpj7IZgDlR0g",
          "checksum": "4cc71511ad28bdd07ed8e6dd4088150b"
        },
        {
          "type": "image",
          "assetId": "T8-kIkcLrvW-",
          "checksum": "9563bd1a26f343e4894e345bcbe4884c"
        },
        {
          "type": "image",
          "assetId": "A6yPLR3bhTuY",
          "checksum": "f4ed98cbd2c452b10b6fe277569b354c"
        },
        {
          "type": "image",
          "assetId": "kUEWJQRVKT91",
          "checksum": "2e667c93185bef51414b0da6b3a121a8"
        },
        {
          "type": "image",
          "assetId": "jYya784MbZv8",
          "checksum": "91d88b10447930bb96186e02bcc2f7cf"
        },
        {
          "type": "image",
          "assetId": "SNKCVbXawC48",
          "checksum": "be7a7411b6e77421cc247697b0e4b66a"
        },
        {
          "type": "image",
          "assetId": "GsjGCJS840qo",
          "checksum": "468e4da39eda4980140c08f9e2ff3d23"
        },
        {
          "type": "image",
          "assetId": "ZmzbuPwBvHlS",
          "checksum": "35f17452f90b861a06ff21884e070df6"
        },
        {
          "type": "image",
          "assetId": "YY5Vnkne-eS6",
          "checksum": "4f68ef01ab83b839707ce66e548c4f5c"
        },
        {
          "type": "image",
          "assetId": "bm4_1viFi4k_",
          "checksum": "80f85a5f4778b90ee29860e9084b36b1"
        },
        {
          "type": "image",
          "assetId": "1-jXJkIF02-6",
          "checksum": "b29bcd852b5558d22eb5b69da82ddf24"
        },
        {
          "type": "image",
          "assetId": "33qSpLmw6ZLi",
          "checksum": "2d6bfad2f8177172492ea1a56d4b23cd"
        },
        {
          "type": "image",
          "assetId": "EGD6LvAQBCsT",
          "checksum": "25f191f1191bb1e53685bcd318f13044"
        },
        {
          "type": "image",
          "assetId": "tXGWUm7WkAIF",
          "checksum": "e408bda14d584d3bc2ec1cd2dd4a404c"
        },
        {
          "type": "image",
          "assetId": "O3Nf0mMiF6K-",
          "checksum": "9d6533507f64a9dc9ff255085de3678a"
        },
        {
          "type": "image",
          "assetId": "5myAtXEQ1mJF",
          "checksum": "29c61a011101a01c2b604415bf97eb9d"
        },
        {
          "type": "image",
          "assetId": "Rox6YEuEloeS",
          "checksum": "01eb03199e2eba60cf8224afcbc13cfa"
        },
        {
          "type": "image",
          "assetId": "iIAW4vR4I5hb",
          "checksum": "0647c604d58acd91a52c206682383147"
        },
        {
          "type": "image",
          "assetId": "AzR8doZVie2W",
          "checksum": "49fb02f612ad91fb53e38d48882ca673"
        },
        {
          "type": "image",
          "assetId": "EK9vmshTSv-Z",
          "checksum": "57e276402fc6d897731905e5a1837a53"
        },
        {
          "type": "image",
          "assetId": "73qtVvaVgO1C",
          "checksum": "8b273dead3dff6933600282f3add6b2b"
        },
        {
          "type": "image",
          "assetId": "51XRk9F9eGY8",
          "checksum": "beab392355931a179dcae4dd9a04a629"
        },
        {
          "type": "image",
          "assetId": "dhtotU35QyAd",
          "checksum": "fa8192d7f6274ba2c04fce9bb6353f3d"
        },
        {
          "type": "image",
          "assetId": "QZeWfjvVgxt8",
          "checksum": "0224f65a816338924f00e355958acf94"
        },
        {
          "type": "image",
          "assetId": "t3HKuHC_wjpe",
          "checksum": "75145b323a4883a7eb891ee34dc9e4eb"
        },
        {
          "type": "image",
          "assetId": "sjV77bvq-8CG",
          "checksum": "de92a41f5f9f32bf4be288de0b493162"
        },
        {
          "type": "image",
          "assetId": "726f2Xu5WzHP",
          "checksum": "ce9112cebb74041ff375c584ea91f10a"
        },
        {
          "assetId": "sbQ784b4v9HnQXnL8f6uoX",
          "type": "projectCss",
          "checksum": "e99cdc614496f9c436c844d7d340bd80"
        },
        {
          "type": "renderModule",
          "assetId": "BxLe4fQi8ixo",
          "checksum": "ab3dc3bdf566c8142ef8b6d045709379"
        },
        {
          "type": "cssRules",
          "assetId": "BxLe4fQi8ixo",
          "checksum": "ab3dc3bdf566c8142ef8b6d045709379"
        },
        {
          "type": "renderModule",
          "assetId": "K9ZFSgMmhAeT",
          "checksum": "23a2428996dcf0789c53b8109d89089e"
        },
        {
          "type": "cssRules",
          "assetId": "K9ZFSgMmhAeT",
          "checksum": "23a2428996dcf0789c53b8109d89089e"
        },
        {
          "type": "icon",
          "assetId": "Ml4X9usPK9JQ",
          "checksum": "3a7032c2a09a8b34653d6f9bc250f4ba"
        },
        {
          "type": "icon",
          "assetId": "T3H0gzYoTgXi",
          "checksum": "88b996f72a6b7a6337eb3d4266f77d1c"
        },
        {
          "type": "icon",
          "assetId": "l6NKX-oc93h1",
          "checksum": "33a50afb1b7465668471994321e28104"
        },
        {
          "type": "image",
          "assetId": "OK6UZ8A48_j8",
          "checksum": "3f6b3de351dc73591d32fb081995df60"
        },
        {
          "type": "image",
          "assetId": "J_osVzXmJxQx",
          "checksum": "c9d6519fa2c6bf54ca13af77f2e47be5"
        },
        {
          "type": "image",
          "assetId": "agEcldFl0w4M",
          "checksum": "792d5af017e4c6f41796b315953a5d56"
        },
        {
          "type": "image",
          "assetId": "mSu1Q2yPy17i",
          "checksum": "61bfe9cc4ef22c3ac0cd157e732387c8"
        }
      ],
      "codegenVersion": "0.0.1"
    }
  ],
  "cliVersion": "0.1.326"
}
